
Microsoft Visual Studio Solution File, Format Version 12.00
# Visual Studio Version 16
VisualStudioVersion = 16.0.30204.135
MinimumVisualStudioVersion = 10.0.40219.1
Project("{9A19103F-16F7-4668-BE54-9A1E7A4F7556}") = "CompituProject", "CompituProject\CompituProject.csproj", "{2EE8B88B-5C4C-4825-92B7-833AB443E03F}"
EndProject
Global
	GlobalSection(SolutionConfigurationPlatforms) = preSolution
		Debug|Any CPU = Debug|Any CPU
		Release|Any CPU = Release|Any CPU
	EndGlobalSection
	GlobalSection(ProjectConfigurationPlatforms) = postSolution
		{2EE8B88B-5C4C-4825-92B7-833AB443E03F}.Debug|Any CPU.ActiveCfg = Debug|Any CPU
		{2EE8B88B-5C4C-4825-92B7-833AB443E03F}.Debug|Any CPU.Build.0 = Debug|Any CPU
		{2EE8B88B-5C4C-4825-92B7-833AB443E03F}.Release|Any CPU.ActiveCfg = Release|Any CPU
		{2EE8B88B-5C4C-4825-92B7-833AB443E03F}.Release|Any CPU.Build.0 = Release|Any CPU
	EndGlobalSection
	GlobalSection(SolutionProperties) = preSolution
		HideSolutionNode = FALSE
	EndGlobalSection
	GlobalSection(ExtensibilityGlobals) = postSolution
		SolutionGuid = {77CFE0EE-BA9D-454E-AC47-B46AB1F42B97}
	EndGlobalSection
EndGlobal
